
Microsoft Visual Studio Solution File, Format Version 12.00
# Visual Studio 15
VisualStudioVersion = 15.0.28307.645
MinimumVisualStudioVersion = 10.0.40219.1
Project("{FAE04EC0-301F-11D3-BF4B-00C04F79EFBC}") = "PinterCRM", "PinterCRM\PinterCRM.csproj", "{FD076952-5551-4E5C-8849-6D2336CE11B4}"
EndProject
Global
	GlobalSection(SolutionConfigurationPlatforms) = preSolution
		Debug|Any CPU = Debug|Any CPU
		Release|Any CPU = Release|Any CPU
	EndGlobalSection
	GlobalSection(ProjectConfigurationPlatforms) = postSolution
		{FD076952-5551-4E5C-8849-6D2336CE11B4}.Debug|Any CPU.ActiveCfg = Debug|Any CPU
		{FD076952-5551-4E5C-8849-6D2336CE11B4}.Debug|Any CPU.Build.0 = Debug|Any CPU
		{FD076952-5551-4E5C-8849-6D2336CE11B4}.Release|Any CPU.ActiveCfg = Release|Any CPU
		{FD076952-5551-4E5C-8849-6D2336CE11B4}.Release|Any CPU.Build.0 = Release|Any CPU
	EndGlobalSection
	GlobalSection(SolutionProperties) = preSolution
		HideSolutionNode = FALSE
	EndGlobalSection
	GlobalSection(ExtensibilityGlobals) = postSolution
		SolutionGuid = {A3D5E558-2BC3-4A36-817A-AF43CE952C8D}
	EndGlobalSection
EndGlobal
